// !$*UTF8*$!
{
	archiveVersion = 1;
	classes = {
	};
	objectVersion = 52;
	objects = {

/* Begin PBXBuildFile section */
		8A1CE0E224759402001ACAAA /* FullsizeImageStoryViewController.swift in Sources */ = {isa = PBXBuildFile; fileRef = 8A1CE0E024759402001ACAAA /* FullsizeImageStoryViewController.swift */; };
		8A1CE0E324759402001ACAAA /* FullsizeImageStoryViewController.xib in Resources */ = {isa = PBXBuildFile; fileRef = 8A1CE0E124759402001ACAAA /* FullsizeImageStoryViewController.xib */; };
		8A1CE0E524759BB4001ACAAA /* Extension+UIViewController.swift in Sources */ = {isa = PBXBuildFile; fileRef = 8A1CE0E424759BB4001ACAAA /* Extension+UIViewController.swift */; };
		8A1E044E2471805800F22984 /* SwiftyJSON in Frameworks */ = {isa = PBXBuildFile; productRef = 8A1E044D2471805800F22984 /* SwiftyJSON */; };
		8A1E0450247180A000F22984 /* Story.swift in Sources */ = {isa = PBXBuildFile; fileRef = 8A1E044F247180A000F22984 /* Story.swift */; };
		8A1E04522471810600F22984 /* StoryService.swift in Sources */ = {isa = PBXBuildFile; fileRef = 8A1E04512471810600F22984 /* StoryService.swift */; };
		8A1E04542471816500F22984 /* DataProvider.swift in Sources */ = {isa = PBXBuildFile; fileRef = 8A1E04532471816500F22984 /* DataProvider.swift */; };
		8A1E0457247181C900F22984 /* SwiftSoup in Frameworks */ = {isa = PBXBuildFile; productRef = 8A1E0456247181C900F22984 /* SwiftSoup */; };
		8A1E045A2471825100F22984 /* Nuke in Frameworks */ = {isa = PBXBuildFile; productRef = 8A1E04592471825100F22984 /* Nuke */; };
		8A1E04602471938200F22984 /* StoriesViewController.swift in Sources */ = {isa = PBXBuildFile; fileRef = 8A1E045E2471938200F22984 /* StoriesViewController.swift */; };
		8A1E04612471938200F22984 /* StoriesViewController.xib in Resources */ = {isa = PBXBuildFile; fileRef = 8A1E045F2471938200F22984 /* StoriesViewController.xib */; };
		8A1E0465247198D700F22984 /* StoryCollectionViewCell.swift in Sources */ = {isa = PBXBuildFile; fileRef = 8A1E0463247198D700F22984 /* StoryCollectionViewCell.swift */; };
		8A1E0466247198D700F22984 /* StoryCollectionViewCell.xib in Resources */ = {isa = PBXBuildFile; fileRef = 8A1E0464247198D700F22984 /* StoryCollectionViewCell.xib */; };
		8A1E046A2471993700F22984 /* StoryHeaderCollectionReusableView.swift in Sources */ = {isa = PBXBuildFile; fileRef = 8A1E04682471993700F22984 /* StoryHeaderCollectionReusableView.swift */; };
		8A1E046B2471993700F22984 /* StoryHeaderCollectionReusableView.xib in Resources */ = {isa = PBXBuildFile; fileRef = 8A1E04692471993700F22984 /* StoryHeaderCollectionReusableView.xib */; };
		8A1E046E2471B0F900F22984 /* FullsizeImageViewController.swift in Sources */ = {isa = PBXBuildFile; fileRef = 8A1E046C2471B0F900F22984 /* FullsizeImageViewController.swift */; };
		8A1E046F2471B0F900F22984 /* FullsizeImageViewController.xib in Resources */ = {isa = PBXBuildFile; fileRef = 8A1E046D2471B0F900F22984 /* FullsizeImageViewController.xib */; };
		8A51D1F1246DDBB3001388A4 /* OnboardingViewController.swift in Sources */ = {isa = PBXBuildFile; fileRef = 8A51D1EF246DDBB3001388A4 /* OnboardingViewController.swift */; };
		8A51D1F2246DDBB3001388A4 /* OnboardingViewController.xib in Resources */ = {isa = PBXBuildFile; fileRef = 8A51D1F0246DDBB3001388A4 /* OnboardingViewController.xib */; };
		8A536D70246DB38F004AC6B8 /* AppDelegate.swift in Sources */ = {isa = PBXBuildFile; fileRef = 8A536D6F246DB38F004AC6B8 /* AppDelegate.swift */; };
		8A536D72246DB38F004AC6B8 /* SceneDelegate.swift in Sources */ = {isa = PBXBuildFile; fileRef = 8A536D71246DB38F004AC6B8 /* SceneDelegate.swift */; };
		8A536D74246DB38F004AC6B8 /* ViewController.swift in Sources */ = {isa = PBXBuildFile; fileRef = 8A536D73246DB38F004AC6B8 /* ViewController.swift */; };
		8A536D79246DB390004AC6B8 /* Assets.xcassets in Resources */ = {isa = PBXBuildFile; fileRef = 8A536D78246DB390004AC6B8 /* Assets.xcassets */; };
		8A536D7C246DB390004AC6B8 /* LaunchScreen.storyboard in Resources */ = {isa = PBXBuildFile; fileRef = 8A536D7A246DB390004AC6B8 /* LaunchScreen.storyboard */; };
		8A536D86246DB42D004AC6B8 /* ViewController.xib in Resources */ = {isa = PBXBuildFile; fileRef = 8A536D85246DB42D004AC6B8 /* ViewController.xib */; };
		8A69AB982472D89300A260BC /* UserDetailInfo.swift in Sources */ = {isa = PBXBuildFile; fileRef = 8A69AB972472D89300A260BC /* UserDetailInfo.swift */; };
		8AA971AF246F07F000A698C1 /* OnboardingCollectionViewCell.swift in Sources */ = {isa = PBXBuildFile; fileRef = 8AA971AD246F07F000A698C1 /* OnboardingCollectionViewCell.swift */; };
		8AA971B0246F07F000A698C1 /* OnboardingCollectionViewCell.xib in Resources */ = {isa = PBXBuildFile; fileRef = 8AA971AE246F07F000A698C1 /* OnboardingCollectionViewCell.xib */; };
		8AA971B2246F095200A698C1 /* NibLoadable.swift in Sources */ = {isa = PBXBuildFile; fileRef = 8AA971B1246F095200A698C1 /* NibLoadable.swift */; };
		8AA971B4246F104100A698C1 /* Extension+UIView.swift in Sources */ = {isa = PBXBuildFile; fileRef = 8AA971B3246F104100A698C1 /* Extension+UIView.swift */; };
		8AA971C2246F18AC00A698C1 /* Feature.swift in Sources */ = {isa = PBXBuildFile; fileRef = 8AA971C1246F18AC00A698C1 /* Feature.swift */; };
		8AA971C5246F26EE00A698C1 /* PurchaseCollectionViewCell.swift in Sources */ = {isa = PBXBuildFile; fileRef = 8AA971C3246F26EE00A698C1 /* PurchaseCollectionViewCell.swift */; };
		8AA971C6246F26EE00A698C1 /* PurchaseCollectionViewCell.xib in Resources */ = {isa = PBXBuildFile; fileRef = 8AA971C4246F26EE00A698C1 /* PurchaseCollectionViewCell.xib */; };
		8AE706F62470A2C300395BE7 /* Router.swift in Sources */ = {isa = PBXBuildFile; fileRef = 8AE706F52470A2C300395BE7 /* Router.swift */; };
		8AE706F92470A50500395BE7 /* SearchUserTableViewCell.swift in Sources */ = {isa = PBXBuildFile; fileRef = 8AE706F72470A50500395BE7 /* SearchUserTableViewCell.swift */; };
		8AE706FA2470A50500395BE7 /* SearchUserTableViewCell.xib in Resources */ = {isa = PBXBuildFile; fileRef = 8AE706F82470A50500395BE7 /* SearchUserTableViewCell.xib */; };
		8AE706FC2470A93B00395BE7 /* User.swift in Sources */ = {isa = PBXBuildFile; fileRef = 8AE706FB2470A93B00395BE7 /* User.swift */; };
		8AE706FF2470AA7500395BE7 /* UserService.swift in Sources */ = {isa = PBXBuildFile; fileRef = 8AE706FE2470AA7500395BE7 /* UserService.swift */; };
		8AE707022470AB0200395BE7 /* Alamofire in Frameworks */ = {isa = PBXBuildFile; productRef = 8AE707012470AB0200395BE7 /* Alamofire */; };
/* End PBXBuildFile section */

/* Begin PBXFileReference section */
		8A1CE0E024759402001ACAAA /* FullsizeImageStoryViewController.swift */ = {isa = PBXFileReference; lastKnownFileType = sourcecode.swift; path = FullsizeImageStoryViewController.swift; sourceTree = "<group>"; };
		8A1CE0E124759402001ACAAA /* FullsizeImageStoryViewController.xib */ = {isa = PBXFileReference; lastKnownFileType = file.xib; path = FullsizeImageStoryViewController.xib; sourceTree = "<group>"; };
		8A1CE0E424759BB4001ACAAA /* Extension+UIViewController.swift */ = {isa = PBXFileReference; lastKnownFileType = sourcecode.swift; path = "Extension+UIViewController.swift"; sourceTree = "<group>"; };
		8A1E044F247180A000F22984 /* Story.swift */ = {isa = PBXFileReference; lastKnownFileType = sourcecode.swift; path = Story.swift; sourceTree = "<group>"; };
		8A1E04512471810600F22984 /* StoryService.swift */ = {isa = PBXFileReference; lastKnownFileType = sourcecode.swift; path = StoryService.swift; sourceTree = "<group>"; };
		8A1E04532471816500F22984 /* DataProvider.swift */ = {isa = PBXFileReference; lastKnownFileType = sourcecode.swift; path = DataProvider.swift; sourceTree = "<group>"; };
		8A1E045E2471938200F22984 /* StoriesViewController.swift */ = {isa = PBXFileReference; lastKnownFileType = sourcecode.swift; path = StoriesViewController.swift; sourceTree = "<group>"; };
		8A1E045F2471938200F22984 /* StoriesViewController.xib */ = {isa = PBXFileReference; lastKnownFileType = file.xib; path = StoriesViewController.xib; sourceTree = "<group>"; };
		8A1E0463247198D700F22984 /* StoryCollectionViewCell.swift */ = {isa = PBXFileReference; lastKnownFileType = sourcecode.swift; path = StoryCollectionViewCell.swift; sourceTree = "<group>"; };
		8A1E0464247198D700F22984 /* StoryCollectionViewCell.xib */ = {isa = PBXFileReference; lastKnownFileType = file.xib; path = StoryCollectionViewCell.xib; sourceTree = "<group>"; };
		8A1E04682471993700F22984 /* StoryHeaderCollectionReusableView.swift */ = {isa = PBXFileReference; lastKnownFileType = sourcecode.swift; path = StoryHeaderCollectionReusableView.swift; sourceTree = "<group>"; };
		8A1E04692471993700F22984 /* StoryHeaderCollectionReusableView.xib */ = {isa = PBXFileReference; lastKnownFileType = file.xib; path = StoryHeaderCollectionReusableView.xib; sourceTree = "<group>"; };
		8A1E046C2471B0F900F22984 /* FullsizeImageViewController.swift */ = {isa = PBXFileReference; lastKnownFileType = sourcecode.swift; path = FullsizeImageViewController.swift; sourceTree = "<group>"; };
		8A1E046D2471B0F900F22984 /* FullsizeImageViewController.xib */ = {isa = PBXFileReference; lastKnownFileType = file.xib; path = FullsizeImageViewController.xib; sourceTree = "<group>"; };
		8A51D1EF246DDBB3001388A4 /* OnboardingViewController.swift */ = {isa = PBXFileReference; lastKnownFileType = sourcecode.swift; path = OnboardingViewController.swift; sourceTree = "<group>"; };
		8A51D1F0246DDBB3001388A4 /* OnboardingViewController.xib */ = {isa = PBXFileReference; lastKnownFileType = file.xib; path = OnboardingViewController.xib; sourceTree = "<group>"; };
		8A536D6C246DB38F004AC6B8 /* Story Saver.app */ = {isa = PBXFileReference; explicitFileType = wrapper.application; includeInIndex = 0; path = "Story Saver.app"; sourceTree = BUILT_PRODUCTS_DIR; };
		8A536D6F246DB38F004AC6B8 /* AppDelegate.swift */ = {isa = PBXFileReference; lastKnownFileType = sourcecode.swift; path = AppDelegate.swift; sourceTree = "<group>"; };
		8A536D71246DB38F004AC6B8 /* SceneDelegate.swift */ = {isa = PBXFileReference; lastKnownFileType = sourcecode.swift; path = SceneDelegate.swift; sourceTree = "<group>"; };
		8A536D73246DB38F004AC6B8 /* ViewController.swift */ = {isa = PBXFileReference; lastKnownFileType = sourcecode.swift; path = ViewController.swift; sourceTree = "<group>"; };
		8A536D78246DB390004AC6B8 /* Assets.xcassets */ = {isa = PBXFileReference; lastKnownFileType = folder.assetcatalog; path = Assets.xcassets; sourceTree = "<group>"; };
		8A536D7B246DB390004AC6B8 /* Base */ = {isa = PBXFileReference; lastKnownFileType = file.storyboard; name = Base; path = Base.lproj/LaunchScreen.storyboard; sourceTree = "<group>"; };
		8A536D7D246DB390004AC6B8 /* Info.plist */ = {isa = PBXFileReference; lastKnownFileType = text.plist.xml; path = Info.plist; sourceTree = "<group>"; };
		8A536D85246DB42D004AC6B8 /* ViewController.xib */ = {isa = PBXFileReference; lastKnownFileType = file.xib; path = ViewController.xib; sourceTree = "<group>"; };
		8A69AB972472D89300A260BC /* UserDetailInfo.swift */ = {isa = PBXFileReference; lastKnownFileType = sourcecode.swift; path = UserDetailInfo.swift; sourceTree = "<group>"; };
		8AA971AD246F07F000A698C1 /* OnboardingCollectionViewCell.swift */ = {isa = PBXFileReference; lastKnownFileType = sourcecode.swift; path = OnboardingCollectionViewCell.swift; sourceTree = "<group>"; };
		8AA971AE246F07F000A698C1 /* OnboardingCollectionViewCell.xib */ = {isa = PBXFileReference; lastKnownFileType = file.xib; path = OnboardingCollectionViewCell.xib; sourceTree = "<group>"; };
		8AA971B1246F095200A698C1 /* NibLoadable.swift */ = {isa = PBXFileReference; lastKnownFileType = sourcecode.swift; path = NibLoadable.swift; sourceTree = "<group>"; };
		8AA971B3246F104100A698C1 /* Extension+UIView.swift */ = {isa = PBXFileReference; lastKnownFileType = sourcecode.swift; path = "Extension+UIView.swift"; sourceTree = "<group>"; };
		8AA971C1246F18AC00A698C1 /* Feature.swift */ = {isa = PBXFileReference; lastKnownFileType = sourcecode.swift; path = Feature.swift; sourceTree = "<group>"; };
		8AA971C3246F26EE00A698C1 /* PurchaseCollectionViewCell.swift */ = {isa = PBXFileReference; lastKnownFileType = sourcecode.swift; path = PurchaseCollectionViewCell.swift; sourceTree = "<group>"; };
		8AA971C4246F26EE00A698C1 /* PurchaseCollectionViewCell.xib */ = {isa = PBXFileReference; lastKnownFileType = file.xib; path = PurchaseCollectionViewCell.xib; sourceTree = "<group>"; };
		8AE706F52470A2C300395BE7 /* Router.swift */ = {isa = PBXFileReference; lastKnownFileType = sourcecode.swift; path = Router.swift; sourceTree = "<group>"; };
		8AE706F72470A50500395BE7 /* SearchUserTableViewCell.swift */ = {isa = PBXFileReference; lastKnownFileType = sourcecode.swift; path = SearchUserTableViewCell.swift; sourceTree = "<group>"; };
		8AE706F82470A50500395BE7 /* SearchUserTableViewCell.xib */ = {isa = PBXFileReference; lastKnownFileType = file.xib; path = SearchUserTableViewCell.xib; sourceTree = "<group>"; };
		8AE706FB2470A93B00395BE7 /* User.swift */ = {isa = PBXFileReference; lastKnownFileType = sourcecode.swift; path = User.swift; sourceTree = "<group>"; };
		8AE706FE2470AA7500395BE7 /* UserService.swift */ = {isa = PBXFileReference; lastKnownFileType = sourcecode.swift; path = UserService.swift; sourceTree = "<group>"; };
/* End PBXFileReference section */

/* Begin PBXFrameworksBuildPhase section */
		8A536D69246DB38F004AC6B8 /* Frameworks */ = {
			isa = PBXFrameworksBuildPhase;
			buildActionMask = 2147483647;
			files = (
				8A1E044E2471805800F22984 /* SwiftyJSON in Frameworks */,
				8AE707022470AB0200395BE7 /* Alamofire in Frameworks */,
				8A1E0457247181C900F22984 /* SwiftSoup in Frameworks */,
				8A1E045A2471825100F22984 /* Nuke in Frameworks */,
			);
			runOnlyForDeploymentPostprocessing = 0;
		};
/* End PBXFrameworksBuildPhase section */

/* Begin PBXGroup section */
		8A1CE0D9247572AA001ACAAA /* Onboarding */ = {
			isa = PBXGroup;
			children = (
				8AA971C3246F26EE00A698C1 /* PurchaseCollectionViewCell.swift */,
				8AA971C4246F26EE00A698C1 /* PurchaseCollectionViewCell.xib */,
				8AA971AD246F07F000A698C1 /* OnboardingCollectionViewCell.swift */,
				8AA971AE246F07F000A698C1 /* OnboardingCollectionViewCell.xib */,
			);
			path = Onboarding;
			sourceTree = "<group>";
		};
		8A1CE0DA247572B5001ACAAA /* Search */ = {
			isa = PBXGroup;
			children = (
				8AE706F72470A50500395BE7 /* SearchUserTableViewCell.swift */,
				8AE706F82470A50500395BE7 /* SearchUserTableViewCell.xib */,
			);
			path = Search;
			sourceTree = "<group>";
		};
		8A1CE0DB247572C0001ACAAA /* Story */ = {
			isa = PBXGroup;
			children = (
				8A1E0463247198D700F22984 /* StoryCollectionViewCell.swift */,
				8A1E0464247198D700F22984 /* StoryCollectionViewCell.xib */,
			);
			path = Story;
			sourceTree = "<group>";
		};
		8A1E04622471938600F22984 /* Stories */ = {
			isa = PBXGroup;
			children = (
				8A1E045E2471938200F22984 /* StoriesViewController.swift */,
				8A1E045F2471938200F22984 /* StoriesViewController.xib */,
			);
			path = Stories;
			sourceTree = "<group>";
		};
		8A2C2DB82474113F007AC333 /* FullsizeStories */ = {
			isa = PBXGroup;
			children = (
				8A1CE0E024759402001ACAAA /* FullsizeImageStoryViewController.swift */,
				8A1CE0E124759402001ACAAA /* FullsizeImageStoryViewController.xib */,
			);
			path = FullsizeStories;
			sourceTree = "<group>";
		};
		8A2C2DBD2474190C007AC333 /* FullsizeImage */ = {
			isa = PBXGroup;
			children = (
				8A1E046C2471B0F900F22984 /* FullsizeImageViewController.swift */,
				8A1E046D2471B0F900F22984 /* FullsizeImageViewController.xib */,
			);
			path = FullsizeImage;
			sourceTree = "<group>";
		};
		8A536D63246DB38F004AC6B8 = {
			isa = PBXGroup;
			children = (
				8A536D6E246DB38F004AC6B8 /* Story Saver */,
				8A536D6D246DB38F004AC6B8 /* Products */,
			);
			sourceTree = "<group>";
		};
		8A536D6D246DB38F004AC6B8 /* Products */ = {
			isa = PBXGroup;
			children = (
				8A536D6C246DB38F004AC6B8 /* Story Saver.app */,
			);
			name = Products;
			sourceTree = "<group>";
		};
		8A536D6E246DB38F004AC6B8 /* Story Saver */ = {
			isa = PBXGroup;
			children = (
				8A536D84246DB3D7004AC6B8 /* Classes */,
				8A536D83246DB3AB004AC6B8 /* Resources */,
			);
			path = "Story Saver";
			sourceTree = "<group>";
		};
		8A536D83246DB3AB004AC6B8 /* Resources */ = {
			isa = PBXGroup;
			children = (
				8A536D78246DB390004AC6B8 /* Assets.xcassets */,
				8A536D7D246DB390004AC6B8 /* Info.plist */,
			);
			path = Resources;
			sourceTree = "<group>";
		};
		8A536D84246DB3D7004AC6B8 /* Classes */ = {
			isa = PBXGroup;
			children = (
				8A536D6F246DB38F004AC6B8 /* AppDelegate.swift */,
				8A536D71246DB38F004AC6B8 /* SceneDelegate.swift */,
				8AE706FD2470AA6900395BE7 /* Services */,
				8AE706F42470A29000395BE7 /* Routers */,
				8AE706F32470A20D00395BE7 /* Models */,
				8AE706F22470A20300395BE7 /* Extensions */,
				8AE706F12470A1F400395BE7 /* Protocols */,
				8AE706ED2470A1B100395BE7 /* Screens */,
				8AE706EC2470A1AE00395BE7 /* Views */,
				8A536D7A246DB390004AC6B8 /* LaunchScreen.storyboard */,
			);
			path = Classes;
			sourceTree = "<group>";
		};
		8AE706EC2470A1AE00395BE7 /* Views */ = {
			isa = PBXGroup;
			children = (
				8AE706F02470A1D000395BE7 /* Cells */,
				8A1E04682471993700F22984 /* StoryHeaderCollectionReusableView.swift */,
				8A1E04692471993700F22984 /* StoryHeaderCollectionReusableView.xib */,
			);
			path = Views;
			sourceTree = "<group>";
		};
		8AE706ED2470A1B100395BE7 /* Screens */ = {
			isa = PBXGroup;
			children = (
				8A2C2DB82474113F007AC333 /* FullsizeStories */,
				8AE706EF2470A1C200395BE7 /* ViewController */,
				8AE706EE2470A1B800395BE7 /* Onboarding */,
				8A1E04622471938600F22984 /* Stories */,
				8A2C2DBD2474190C007AC333 /* FullsizeImage */,
			);
			path = Screens;
			sourceTree = "<group>";
		};
		8AE706EE2470A1B800395BE7 /* Onboarding */ = {
			isa = PBXGroup;
			children = (
				8A51D1EF246DDBB3001388A4 /* OnboardingViewController.swift */,
				8A51D1F0246DDBB3001388A4 /* OnboardingViewController.xib */,
			);
			path = Onboarding;
			sourceTree = "<group>";
		};
		8AE706EF2470A1C200395BE7 /* ViewController */ = {
			isa = PBXGroup;
			children = (
				8A536D73246DB38F004AC6B8 /* ViewController.swift */,
				8A536D85246DB42D004AC6B8 /* ViewController.xib */,
			);
			path = ViewController;
			sourceTree = "<group>";
		};
		8AE706F02470A1D000395BE7 /* Cells */ = {
			isa = PBXGroup;
			children = (
				8A1CE0DB247572C0001ACAAA /* Story */,
				8A1CE0DA247572B5001ACAAA /* Search */,
				8A1CE0D9247572AA001ACAAA /* Onboarding */,
			);
			path = Cells;
			sourceTree = "<group>";
		};
		8AE706F12470A1F400395BE7 /* Protocols */ = {
			isa = PBXGroup;
			children = (
				8AA971B1246F095200A698C1 /* NibLoadable.swift */,
			);
			path = Protocols;
			sourceTree = "<group>";
		};
		8AE706F22470A20300395BE7 /* Extensions */ = {
			isa = PBXGroup;
			children = (
				8AA971B3246F104100A698C1 /* Extension+UIView.swift */,
				8A1CE0E424759BB4001ACAAA /* Extension+UIViewController.swift */,
			);
			path = Extensions;
			sourceTree = "<group>";
		};
		8AE706F32470A20D00395BE7 /* Models */ = {
			isa = PBXGroup;
			children = (
				8AA971C1246F18AC00A698C1 /* Feature.swift */,
				8AE706FB2470A93B00395BE7 /* User.swift */,
				8A1E044F247180A000F22984 /* Story.swift */,
				8A69AB972472D89300A260BC /* UserDetailInfo.swift */,
			);
			path = Models;
			sourceTree = "<group>";
		};
		8AE706F42470A29000395BE7 /* Routers */ = {
			isa = PBXGroup;
			children = (
				8AE706F52470A2C300395BE7 /* Router.swift */,
			);
			path = Routers;
			sourceTree = "<group>";
		};
		8AE706FD2470AA6900395BE7 /* Services */ = {
			isa = PBXGroup;
			children = (
				8AE706FE2470AA7500395BE7 /* UserService.swift */,
				8A1E04512471810600F22984 /* StoryService.swift */,
				8A1E04532471816500F22984 /* DataProvider.swift */,
			);
			path = Services;
			sourceTree = "<group>";
		};
/* End PBXGroup section */

/* Begin PBXNativeTarget section */
		8A536D6B246DB38F004AC6B8 /* Story Saver */ = {
			isa = PBXNativeTarget;
			buildConfigurationList = 8A536D80246DB390004AC6B8 /* Build configuration list for PBXNativeTarget "Story Saver" */;
			buildPhases = (
				8A536D68246DB38F004AC6B8 /* Sources */,
				8A536D69246DB38F004AC6B8 /* Frameworks */,
				8A536D6A246DB38F004AC6B8 /* Resources */,
			);
			buildRules = (
			);
			dependencies = (
			);
			name = "Story Saver";
			packageProductDependencies = (
				8AE707012470AB0200395BE7 /* Alamofire */,
				8A1E044D2471805800F22984 /* SwiftyJSON */,
				8A1E0456247181C900F22984 /* SwiftSoup */,
				8A1E04592471825100F22984 /* Nuke */,
			);
			productName = "Story Saver";
			productReference = 8A536D6C246DB38F004AC6B8 /* Story Saver.app */;
			productType = "com.apple.product-type.application";
		};
/* End PBXNativeTarget section */

/* Begin PBXProject section */
		8A536D64246DB38F004AC6B8 /* Project object */ = {
			isa = PBXProject;
			attributes = {
				LastSwiftUpdateCheck = 1140;
				LastUpgradeCheck = 1140;
				ORGANIZATIONNAME = fact.inc;
				TargetAttributes = {
					8A536D6B246DB38F004AC6B8 = {
						CreatedOnToolsVersion = 11.4;
					};
				};
			};
			buildConfigurationList = 8A536D67246DB38F004AC6B8 /* Build configuration list for PBXProject "Story Saver" */;
			compatibilityVersion = "Xcode 9.3";
			developmentRegion = en;
			hasScannedForEncodings = 0;
			knownRegions = (
				en,
				Base,
			);
			mainGroup = 8A536D63246DB38F004AC6B8;
			packageReferences = (
				8AE707002470AB0200395BE7 /* XCRemoteSwiftPackageReference "Alamofire" */,
				8A1E044C2471805800F22984 /* XCRemoteSwiftPackageReference "SwiftyJSON" */,
				8A1E0455247181C900F22984 /* XCRemoteSwiftPackageReference "SwiftSoup" */,
				8A1E04582471825100F22984 /* XCRemoteSwiftPackageReference "Nuke" */,
			);
			productRefGroup = 8A536D6D246DB38F004AC6B8 /* Products */;
			projectDirPath = "";
			projectRoot = "";
			targets = (
				8A536D6B246DB38F004AC6B8 /* Story Saver */,
			);
		};
/* End PBXProject section */

/* Begin PBXResourcesBuildPhase section */
		8A536D6A246DB38F004AC6B8 /* Resources */ = {
			isa = PBXResourcesBuildPhase;
			buildActionMask = 2147483647;
			files = (
				8A1E046B2471993700F22984 /* StoryHeaderCollectionReusableView.xib in Resources */,
				8A536D7C246DB390004AC6B8 /* LaunchScreen.storyboard in Resources */,
				8A536D86246DB42D004AC6B8 /* ViewController.xib in Resources */,
				8A1E04612471938200F22984 /* StoriesViewController.xib in Resources */,
				8A536D79246DB390004AC6B8 /* Assets.xcassets in Resources */,
				8A1E0466247198D700F22984 /* StoryCollectionViewCell.xib in Resources */,
				8AE706FA2470A50500395BE7 /* SearchUserTableViewCell.xib in Resources */,
				8AA971B0246F07F000A698C1 /* OnboardingCollectionViewCell.xib in Resources */,
				8AA971C6246F26EE00A698C1 /* PurchaseCollectionViewCell.xib in Resources */,
				8A1E046F2471B0F900F22984 /* FullsizeImageViewController.xib in Resources */,
				8A1CE0E324759402001ACAAA /* FullsizeImageStoryViewController.xib in Resources */,
				8A51D1F2246DDBB3001388A4 /* OnboardingViewController.xib in Resources */,
			);
			runOnlyForDeploymentPostprocessing = 0;
		};
/* End PBXResourcesBuildPhase section */

/* Begin PBXSourcesBuildPhase section */
		8A536D68246DB38F004AC6B8 /* Sources */ = {
			isa = PBXSourcesBuildPhase;
			buildActionMask = 2147483647;
			files = (
				8A1E046A2471993700F22984 /* StoryHeaderCollectionReusableView.swift in Sources */,
				8AA971B4246F104100A698C1 /* Extension+UIView.swift in Sources */,
				8A536D74246DB38F004AC6B8 /* ViewController.swift in Sources */,
				8A1E04602471938200F22984 /* StoriesViewController.swift in Sources */,
				8A69AB982472D89300A260BC /* UserDetailInfo.swift in Sources */,
				8A1E04542471816500F22984 /* DataProvider.swift in Sources */,
				8A1E0465247198D700F22984 /* StoryCollectionViewCell.swift in Sources */,
				8AE706F62470A2C300395BE7 /* Router.swift in Sources */,
				8A1CE0E524759BB4001ACAAA /* Extension+UIViewController.swift in Sources */,
				8A536D70246DB38F004AC6B8 /* AppDelegate.swift in Sources */,
				8AE706F92470A50500395BE7 /* SearchUserTableViewCell.swift in Sources */,
				8AA971AF246F07F000A698C1 /* OnboardingCollectionViewCell.swift in Sources */,
				8AE706FF2470AA7500395BE7 /* UserService.swift in Sources */,
				8A1E0450247180A000F22984 /* Story.swift in Sources */,
				8AA971C5246F26EE00A698C1 /* PurchaseCollectionViewCell.swift in Sources */,
				8AA971C2246F18AC00A698C1 /* Feature.swift in Sources */,
				8A1E04522471810600F22984 /* StoryService.swift in Sources */,
				8AE706FC2470A93B00395BE7 /* User.swift in Sources */,
				8A1E046E2471B0F900F22984 /* FullsizeImageViewController.swift in Sources */,
				8AA971B2246F095200A698C1 /* NibLoadable.swift in Sources */,
				8A536D72246DB38F004AC6B8 /* SceneDelegate.swift in Sources */,
				8A51D1F1246DDBB3001388A4 /* OnboardingViewController.swift in Sources */,
				8A1CE0E224759402001ACAAA /* FullsizeImageStoryViewController.swift in Sources */,
			);
			runOnlyForDeploymentPostprocessing = 0;
		};
/* End PBXSourcesBuildPhase section */

/* Begin PBXVariantGroup section */
		8A536D7A246DB390004AC6B8 /* LaunchScreen.storyboard */ = {
			isa = PBXVariantGroup;
			children = (
				8A536D7B246DB390004AC6B8 /* Base */,
			);
			name = LaunchScreen.storyboard;
			sourceTree = "<group>";
		};
/* End PBXVariantGroup section */

/* Begin XCBuildConfiguration section */
		8A536D7E246DB390004AC6B8 /* Debug */ = {
			isa = XCBuildConfiguration;
			buildSettings = {
				ALWAYS_SEARCH_USER_PATHS = NO;
				CLANG_ANALYZER_NONNULL = YES;
				CLANG_ANALYZER_NUMBER_OBJECT_CONVERSION = YES_AGGRESSIVE;
				CLANG_CXX_LANGUAGE_STANDARD = "gnu++14";
				CLANG_CXX_LIBRARY = "libc++";
				CLANG_ENABLE_MODULES = YES;
				CLANG_ENABLE_OBJC_ARC = YES;
				CLANG_ENABLE_OBJC_WEAK = YES;
				CLANG_WARN_BLOCK_CAPTURE_AUTORELEASING = YES;
				CLANG_WARN_BOOL_CONVERSION = YES;
				CLANG_WARN_COMMA = YES;
				CLANG_WARN_CONSTANT_CONVERSION = YES;
				CLANG_WARN_DEPRECATED_OBJC_IMPLEMENTATIONS = YES;
				CLANG_WARN_DIRECT_OBJC_ISA_USAGE = YES_ERROR;
				CLANG_WARN_DOCUMENTATION_COMMENTS = YES;
				CLANG_WARN_EMPTY_BODY = YES;
				CLANG_WARN_ENUM_CONVERSION = YES;
				CLANG_WARN_INFINITE_RECURSION = YES;
				CLANG_WARN_INT_CONVERSION = YES;
				CLANG_WARN_NON_LITERAL_NULL_CONVERSION = YES;
				CLANG_WARN_OBJC_IMPLICIT_RETAIN_SELF = YES;
				CLANG_WARN_OBJC_LITERAL_CONVERSION = YES;
				CLANG_WARN_OBJC_ROOT_CLASS = YES_ERROR;
				CLANG_WARN_RANGE_LOOP_ANALYSIS = YES;
				CLANG_WARN_STRICT_PROTOTYPES = YES;
				CLANG_WARN_SUSPICIOUS_MOVE = YES;
				CLANG_WARN_UNGUARDED_AVAILABILITY = YES_AGGRESSIVE;
				CLANG_WARN_UNREACHABLE_CODE = YES;
				CLANG_WARN__DUPLICATE_METHOD_MATCH = YES;
				COPY_PHASE_STRIP = NO;
				DEBUG_INFORMATION_FORMAT = dwarf;
				ENABLE_STRICT_OBJC_MSGSEND = YES;
				ENABLE_TESTABILITY = YES;
				GCC_C_LANGUAGE_STANDARD = gnu11;
				GCC_DYNAMIC_NO_PIC = NO;
				GCC_NO_COMMON_BLOCKS = YES;
				GCC_OPTIMIZATION_LEVEL = 0;
				GCC_PREPROCESSOR_DEFINITIONS = (
					"DEBUG=1",
					"$(inherited)",
				);
				GCC_WARN_64_TO_32_BIT_CONVERSION = YES;
				GCC_WARN_ABOUT_RETURN_TYPE = YES_ERROR;
				GCC_WARN_UNDECLARED_SELECTOR = YES;
				GCC_WARN_UNINITIALIZED_AUTOS = YES_AGGRESSIVE;
				GCC_WARN_UNUSED_FUNCTION = YES;
				GCC_WARN_UNUSED_VARIABLE = YES;
				IPHONEOS_DEPLOYMENT_TARGET = 13.4;
				MTL_ENABLE_DEBUG_INFO = INCLUDE_SOURCE;
				MTL_FAST_MATH = YES;
				ONLY_ACTIVE_ARCH = YES;
				SDKROOT = iphoneos;
				SWIFT_ACTIVE_COMPILATION_CONDITIONS = DEBUG;
				SWIFT_OPTIMIZATION_LEVEL = "-Onone";
			};
			name = Debug;
		};
		8A536D7F246DB390004AC6B8 /* Release */ = {
			isa = XCBuildConfiguration;
			buildSettings = {
				ALWAYS_SEARCH_USER_PATHS = NO;
				CLANG_ANALYZER_NONNULL = YES;
				CLANG_ANALYZER_NUMBER_OBJECT_CONVERSION = YES_AGGRESSIVE;
				CLANG_CXX_LANGUAGE_STANDARD = "gnu++14";
				CLANG_CXX_LIBRARY = "libc++";
				CLANG_ENABLE_MODULES = YES;
				CLANG_ENABLE_OBJC_ARC = YES;
				CLANG_ENABLE_OBJC_WEAK = YES;
				CLANG_WARN_BLOCK_CAPTURE_AUTORELEASING = YES;
				CLANG_WARN_BOOL_CONVERSION = YES;
				CLANG_WARN_COMMA = YES;
				CLANG_WARN_CONSTANT_CONVERSION = YES;
				CLANG_WARN_DEPRECATED_OBJC_IMPLEMENTATIONS = YES;
				CLANG_WARN_DIRECT_OBJC_ISA_USAGE = YES_ERROR;
				CLANG_WARN_DOCUMENTATION_COMMENTS = YES;
				CLANG_WARN_EMPTY_BODY = YES;
				CLANG_WARN_ENUM_CONVERSION = YES;
				CLANG_WARN_INFINITE_RECURSION = YES;
				CLANG_WARN_INT_CONVERSION = YES;
				CLANG_WARN_NON_LITERAL_NULL_CONVERSION = YES;
				CLANG_WARN_OBJC_IMPLICIT_RETAIN_SELF = YES;
				CLANG_WARN_OBJC_LITERAL_CONVERSION = YES;
				CLANG_WARN_OBJC_ROOT_CLASS = YES_ERROR;
				CLANG_WARN_RANGE_LOOP_ANALYSIS = YES;
				CLANG_WARN_STRICT_PROTOTYPES = YES;
				CLANG_WARN_SUSPICIOUS_MOVE = YES;
				CLANG_WARN_UNGUARDED_AVAILABILITY = YES_AGGRESSIVE;
				CLANG_WARN_UNREACHABLE_CODE = YES;
				CLANG_WARN__DUPLICATE_METHOD_MATCH = YES;
				COPY_PHASE_STRIP = NO;
				DEBUG_INFORMATION_FORMAT = "dwarf-with-dsym";
				ENABLE_NS_ASSERTIONS = NO;
				ENABLE_STRICT_OBJC_MSGSEND = YES;
				GCC_C_LANGUAGE_STANDARD = gnu11;
				GCC_NO_COMMON_BLOCKS = YES;
				GCC_WARN_64_TO_32_BIT_CONVERSION = YES;
				GCC_WARN_ABOUT_RETURN_TYPE = YES_ERROR;
				GCC_WARN_UNDECLARED_SELECTOR = YES;
				GCC_WARN_UNINITIALIZED_AUTOS = YES_AGGRESSIVE;
				GCC_WARN_UNUSED_FUNCTION = YES;
				GCC_WARN_UNUSED_VARIABLE = YES;
				IPHONEOS_DEPLOYMENT_TARGET = 13.4;
				MTL_ENABLE_DEBUG_INFO = NO;
				MTL_FAST_MATH = YES;
				SDKROOT = iphoneos;
				SWIFT_COMPILATION_MODE = wholemodule;
				SWIFT_OPTIMIZATION_LEVEL = "-O";
				VALIDATE_PRODUCT = YES;
			};
			name = Release;
		};
		8A536D81246DB390004AC6B8 /* Debug */ = {
			isa = XCBuildConfiguration;
			buildSettings = {
				ASSETCATALOG_COMPILER_APPICON_NAME = AppIcon;
				CODE_SIGN_STYLE = Automatic;
				DEVELOPMENT_TEAM = 782QM36KW5;
				INFOPLIST_FILE = "Story Saver/Resources/Info.plist";
				IPHONEOS_DEPLOYMENT_TARGET = 13.0;
				LD_RUNPATH_SEARCH_PATHS = (
					"$(inherited)",
					"@executable_path/Frameworks",
				);
				PRODUCT_BUNDLE_IDENTIFIER = "fact.inc.Story-Saver";
				PRODUCT_NAME = "$(TARGET_NAME)";
				SWIFT_VERSION = 5.0;
				TARGETED_DEVICE_FAMILY = "1,2";
			};
			name = Debug;
		};
		8A536D82246DB390004AC6B8 /* Release */ = {
			isa = XCBuildConfiguration;
			buildSettings = {
				ASSETCATALOG_COMPILER_APPICON_NAME = AppIcon;
				CODE_SIGN_STYLE = Automatic;
				DEVELOPMENT_TEAM = 782QM36KW5;
				INFOPLIST_FILE = "Story Saver/Resources/Info.plist";
				IPHONEOS_DEPLOYMENT_TARGET = 13.0;
				LD_RUNPATH_SEARCH_PATHS = (
					"$(inherited)",
					"@executable_path/Frameworks",
				);
				PRODUCT_BUNDLE_IDENTIFIER = "fact.inc.Story-Saver";
				PRODUCT_NAME = "$(TARGET_NAME)";
				SWIFT_VERSION = 5.0;
				TARGETED_DEVICE_FAMILY = "1,2";
			};
			name = Release;
		};
/* End XCBuildConfiguration section */

/* Begin XCConfigurationList section */
		8A536D67246DB38F004AC6B8 /* Build configuration list for PBXProject "Story Saver" */ = {
			isa = XCConfigurationList;
			buildConfigurations = (
				8A536D7E246DB390004AC6B8 /* Debug */,
				8A536D7F246DB390004AC6B8 /* Release */,
			);
			defaultConfigurationIsVisible = 0;
			defaultConfigurationName = Release;
		};
		8A536D80246DB390004AC6B8 /* Build configuration list for PBXNativeTarget "Story Saver" */ = {
			isa = XCConfigurationList;
			buildConfigurations = (
				8A536D81246DB390004AC6B8 /* Debug */,
				8A536D82246DB390004AC6B8 /* Release */,
			);
			defaultConfigurationIsVisible = 0;
			defaultConfigurationName = Release;
		};
/* End XCConfigurationList section */

/* Begin XCRemoteSwiftPackageReference section */
		8A1E044C2471805800F22984 /* XCRemoteSwiftPackageReference "SwiftyJSON" */ = {
			isa = XCRemoteSwiftPackageReference;
			repositoryURL = "https://github.com/SwiftyJSON/SwiftyJSON.git";
			requirement = {
				kind = upToNextMajorVersion;
				minimumVersion = 5.0.0;
			};
		};
		8A1E0455247181C900F22984 /* XCRemoteSwiftPackageReference "SwiftSoup" */ = {
			isa = XCRemoteSwiftPackageReference;
			repositoryURL = "https://github.com/scinfu/SwiftSoup.git";
			requirement = {
				kind = upToNextMajorVersion;
				minimumVersion = 2.3.2;
			};
		};
		8A1E04582471825100F22984 /* XCRemoteSwiftPackageReference "Nuke" */ = {
			isa = XCRemoteSwiftPackageReference;
			repositoryURL = "https://github.com/kean/Nuke.git";
			requirement = {
				kind = upToNextMajorVersion;
				minimumVersion = 8.4.1;
			};
		};
		8AE707002470AB0200395BE7 /* XCRemoteSwiftPackageReference "Alamofire" */ = {
			isa = XCRemoteSwiftPackageReference;
			repositoryURL = "https://github.com/Alamofire/Alamofire.git";
			requirement = {
				kind = upToNextMajorVersion;
				minimumVersion = 4.9.1;
			};
		};
/* End XCRemoteSwiftPackageReference section */

/* Begin XCSwiftPackageProductDependency section */
		8A1E044D2471805800F22984 /* SwiftyJSON */ = {
			isa = XCSwiftPackageProductDependency;
			package = 8A1E044C2471805800F22984 /* XCRemoteSwiftPackageReference "SwiftyJSON" */;
			productName = SwiftyJSON;
		};
		8A1E0456247181C900F22984 /* SwiftSoup */ = {
			isa = XCSwiftPackageProductDependency;
			package = 8A1E0455247181C900F22984 /* XCRemoteSwiftPackageReference "SwiftSoup" */;
			productName = SwiftSoup;
		};
		8A1E04592471825100F22984 /* Nuke */ = {
			isa = XCSwiftPackageProductDependency;
			package = 8A1E04582471825100F22984 /* XCRemoteSwiftPackageReference "Nuke" */;
			productName = Nuke;
		};
		8AE707012470AB0200395BE7 /* Alamofire */ = {
			isa = XCSwiftPackageProductDependency;
			package = 8AE707002470AB0200395BE7 /* XCRemoteSwiftPackageReference "Alamofire" */;
			productName = Alamofire;
		};
/* End XCSwiftPackageProductDependency section */
	};
	rootObject = 8A536D64246DB38F004AC6B8 /* Project object */;
}
